
Microsoft Visual Studio Solution File, Format Version 12.00
# Visual Studio 15
VisualStudioVersion = 15.0.27703.2035
MinimumVisualStudioVersion = 10.0.40219.1
Project("{9A19103F-16F7-4668-BE54-9A1E7A4F7556}") = "AspNetCore.Web", "AspNetCore.Web\AspNetCore.Web.csproj", "{C7320852-DAA4-4EEF-B561-122B88D7D79D}"
EndProject
Project("{9A19103F-16F7-4668-BE54-9A1E7A4F7556}") = "AspNetCore.Answer.Web", "AspNetCore.Answer.Web\AspNetCore.Answer.Web.csproj", "{3950270A-3E91-44ED-B487-303269000B16}"
EndProject
Project("{9A19103F-16F7-4668-BE54-9A1E7A4F7556}") = "AspNetCore.Answer.Web.Test", "AspNetCore.Answer.Web.Test\AspNetCore.Answer.Web.Test.csproj", "{63D3330B-AC1C-4A10-8503-4925AEA9D5CC}"
EndProject
Project("{151D2E53-A2C4-4D7D-83FE-D05416EBD58E}") = "AzureResourceGroup.AspNetCore", "AzureResourceGroup.AspNetCore\AzureResourceGroup.AspNetCore.deployproj", "{46307DD2-2E80-47A5-9304-5C81CD37B1A1}"
EndProject
Global
	GlobalSection(SolutionConfigurationPlatforms) = preSolution
		Debug|Any CPU = Debug|Any CPU
		Release|Any CPU = Release|Any CPU
	EndGlobalSection
	GlobalSection(ProjectConfigurationPlatforms) = postSolution
		{C7320852-DAA4-4EEF-B561-122B88D7D79D}.Debug|Any CPU.ActiveCfg = Debug|Any CPU
		{C7320852-DAA4-4EEF-B561-122B88D7D79D}.Debug|Any CPU.Build.0 = Debug|Any CPU
		{C7320852-DAA4-4EEF-B561-122B88D7D79D}.Release|Any CPU.ActiveCfg = Release|Any CPU
		{C7320852-DAA4-4EEF-B561-122B88D7D79D}.Release|Any CPU.Build.0 = Release|Any CPU
		{3950270A-3E91-44ED-B487-303269000B16}.Debug|Any CPU.ActiveCfg = Debug|Any CPU
		{3950270A-3E91-44ED-B487-303269000B16}.Debug|Any CPU.Build.0 = Debug|Any CPU
		{3950270A-3E91-44ED-B487-303269000B16}.Release|Any CPU.ActiveCfg = Release|Any CPU
		{3950270A-3E91-44ED-B487-303269000B16}.Release|Any CPU.Build.0 = Release|Any CPU
		{63D3330B-AC1C-4A10-8503-4925AEA9D5CC}.Debug|Any CPU.ActiveCfg = Debug|Any CPU
		{63D3330B-AC1C-4A10-8503-4925AEA9D5CC}.Debug|Any CPU.Build.0 = Debug|Any CPU
		{63D3330B-AC1C-4A10-8503-4925AEA9D5CC}.Release|Any CPU.ActiveCfg = Release|Any CPU
		{63D3330B-AC1C-4A10-8503-4925AEA9D5CC}.Release|Any CPU.Build.0 = Release|Any CPU
		{46307DD2-2E80-47A5-9304-5C81CD37B1A1}.Debug|Any CPU.ActiveCfg = Debug|Any CPU
		{46307DD2-2E80-47A5-9304-5C81CD37B1A1}.Debug|Any CPU.Build.0 = Debug|Any CPU
		{46307DD2-2E80-47A5-9304-5C81CD37B1A1}.Release|Any CPU.ActiveCfg = Release|Any CPU
		{46307DD2-2E80-47A5-9304-5C81CD37B1A1}.Release|Any CPU.Build.0 = Release|Any CPU
	EndGlobalSection
	GlobalSection(SolutionProperties) = preSolution
		HideSolutionNode = FALSE
	EndGlobalSection
	GlobalSection(ExtensibilityGlobals) = postSolution
		SolutionGuid = {B1190CFF-3FD1-48C6-84E3-C04747DF7385}
	EndGlobalSection
EndGlobal
